// !$*UTF8*$!
{
	archiveVersion = 1;
	classes = {
	};
	objectVersion = 50;
	objects = {

/* Begin PBXBuildFile section */
		2B0840FD24A665BF00F000EE /* smolcompute_impl.mm in Sources */ = {isa = PBXBuildFile; fileRef = 2B0840FC24A665BF00F000EE /* smolcompute_impl.mm */; };
		2B0840FF24A6669700F000EE /* tests.cpp in Sources */ = {isa = PBXBuildFile; fileRef = 2B0840FE24A6669700F000EE /* tests.cpp */; };
		2B08410224A666FD00F000EE /* Metal.framework in Frameworks */ = {isa = PBXBuildFile; fileRef = 2B08410124A666FD00F000EE /* Metal.framework */; };
		2B2353432588BBAE00C47578 /* externals_impl.cpp in Sources */ = {isa = PBXBuildFile; fileRef = 2B2353422588BBAE00C47578 /* externals_impl.cpp */; };
		2B2353522588D34600C47578 /* tests-ispc-compress-bc3.cpp in Sources */ = {isa = PBXBuildFile; fileRef = 2B2353512588D34600C47578 /* tests-ispc-compress-bc3.cpp */; };
/* End PBXBuildFile section */

/* Begin PBXCopyFilesBuildPhase section */
		2B0840EF24A6656B00F000EE /* CopyFiles */ = {
			isa = PBXCopyFilesBuildPhase;
			buildActionMask = 2147483647;
			dstPath = /usr/share/man/man1/;
			dstSubfolderSpec = 0;
			files = (
			);
			runOnlyForDeploymentPostprocessing = 1;
		};
/* End PBXCopyFilesBuildPhase section */

/* Begin PBXFileReference section */
		2B0840F124A6656B00F000EE /* smolcompute */ = {isa = PBXFileReference; explicitFileType = "compiled.mach-o.executable"; includeInIndex = 0; path = smolcompute; sourceTree = BUILT_PRODUCTS_DIR; };
		2B0840FB24A665AC00F000EE /* smolcompute.h */ = {isa = PBXFileReference; fileEncoding = 4; lastKnownFileType = sourcecode.c.h; name = smolcompute.h; path = source/smolcompute.h; sourceTree = "<group>"; };
		2B0840FC24A665BF00F000EE /* smolcompute_impl.mm */ = {isa = PBXFileReference; fileEncoding = 4; lastKnownFileType = sourcecode.cpp.objcpp; name = smolcompute_impl.mm; path = tests/code/smolcompute_impl.mm; sourceTree = "<group>"; };
		2B0840FE24A6669700F000EE /* tests.cpp */ = {isa = PBXFileReference; fileEncoding = 4; lastKnownFileType = sourcecode.cpp.cpp; name = tests.cpp; path = tests/code/tests.cpp; sourceTree = "<group>"; };
		2B08410124A666FD00F000EE /* Metal.framework */ = {isa = PBXFileReference; lastKnownFileType = wrapper.framework; name = Metal.framework; path = System/Library/Frameworks/Metal.framework; sourceTree = SDKROOT; };
		2B2353422588BBAE00C47578 /* externals_impl.cpp */ = {isa = PBXFileReference; fileEncoding = 4; lastKnownFileType = sourcecode.cpp.cpp; name = externals_impl.cpp; path = tests/code/externals_impl.cpp; sourceTree = "<group>"; };
		2B2353512588D34600C47578 /* tests-ispc-compress-bc3.cpp */ = {isa = PBXFileReference; fileEncoding = 4; lastKnownFileType = sourcecode.cpp.cpp; name = "tests-ispc-compress-bc3.cpp"; path = "tests/code/tests-ispc-compress-bc3.cpp"; sourceTree = "<group>"; };
		2B3E6B9D24A7C26400A9E1C9 /* sokol_time.h */ = {isa = PBXFileReference; fileEncoding = 4; lastKnownFileType = sourcecode.c.h; name = sokol_time.h; path = tests/code/external/sokol_time.h; sourceTree = "<group>"; };
/* End PBXFileReference section */

/* Begin PBXFrameworksBuildPhase section */
		2B0840EE24A6656B00F000EE /* Frameworks */ = {
			isa = PBXFrameworksBuildPhase;
			buildActionMask = 2147483647;
			files = (
				2B08410224A666FD00F000EE /* Metal.framework in Frameworks */,
			);
			runOnlyForDeploymentPostprocessing = 0;
		};
/* End PBXFrameworksBuildPhase section */

/* Begin PBXGroup section */
		2B0840E824A6656B00F000EE = {
			isa = PBXGroup;
			children = (
				2B0840F324A6656B00F000EE /* smolcompute */,
				2B0840F224A6656B00F000EE /* Products */,
				2B08410024A666FD00F000EE /* Frameworks */,
			);
			sourceTree = "<group>";
		};
		2B0840F224A6656B00F000EE /* Products */ = {
			isa = PBXGroup;
			children = (
				2B0840F124A6656B00F000EE /* smolcompute */,
			);
			name = Products;
			sourceTree = "<group>";
		};
		2B0840F324A6656B00F000EE /* smolcompute */ = {
			isa = PBXGroup;
			children = (
				2B0840FB24A665AC00F000EE /* smolcompute.h */,
				2B0840FC24A665BF00F000EE /* smolcompute_impl.mm */,
				2B0840FE24A6669700F000EE /* tests.cpp */,
				2B2353512588D34600C47578 /* tests-ispc-compress-bc3.cpp */,
				2B2353422588BBAE00C47578 /* externals_impl.cpp */,
				2B3E6B9D24A7C26400A9E1C9 /* sokol_time.h */,
			);
			name = smolcompute;
			path = ../..;
			sourceTree = "<group>";
		};
		2B08410024A666FD00F000EE /* Frameworks */ = {
			isa = PBXGroup;
			children = (
				2B08410124A666FD00F000EE /* Metal.framework */,
			);
			name = Frameworks;
			sourceTree = "<group>";
		};
/* End PBXGroup section */

/* Begin PBXNativeTarget section */
		2B0840F024A6656B00F000EE /* smolcompute */ = {
			isa = PBXNativeTarget;
			buildConfigurationList = 2B0840F824A6656B00F000EE /* Build configuration list for PBXNativeTarget "smolcompute" */;
			buildPhases = (
				2B0840ED24A6656B00F000EE /* Sources */,
				2B0840EE24A6656B00F000EE /* Frameworks */,
				2B0840EF24A6656B00F000EE /* CopyFiles */,
			);
			buildRules = (
			);
			dependencies = (
			);
			name = smolcompute;
			productName = smolcompute;
			productReference = 2B0840F124A6656B00F000EE /* smolcompute */;
			productType = "com.apple.product-type.tool";
		};
/* End PBXNativeTarget section */

/* Begin PBXProject section */
		2B0840E924A6656B00F000EE /* Project object */ = {
			isa = PBXProject;
			attributes = {
				LastUpgradeCheck = 1130;
				ORGANIZATIONNAME = aras;
				TargetAttributes = {
					2B0840F024A6656B00F000EE = {
						CreatedOnToolsVersion = 11.3.1;
					};
				};
			};
			buildConfigurationList = 2B0840EC24A6656B00F000EE /* Build configuration list for PBXProject "smolcompute" */;
			compatibilityVersion = "Xcode 9.3";
			developmentRegion = en;
			hasScannedForEncodings = 0;
			knownRegions = (
				en,
				Base,
			);
			mainGroup = 2B0840E824A6656B00F000EE;
			productRefGroup = 2B0840F224A6656B00F000EE /* Products */;
			projectDirPath = "";
			projectRoot = "";
			targets = (
				2B0840F024A6656B00F000EE /* smolcompute */,
			);
		};
/* End PBXProject section */

/* Begin PBXSourcesBuildPhase section */
		2B0840ED24A6656B00F000EE /* Sources */ = {
			isa = PBXSourcesBuildPhase;
			buildActionMask = 2147483647;
			files = (
				2B0840FD24A665BF00F000EE /* smolcompute_impl.mm in Sources */,
				2B2353432588BBAE00C47578 /* externals_impl.cpp in Sources */,
				2B2353522588D34600C47578 /* tests-ispc-compress-bc3.cpp in Sources */,
				2B0840FF24A6669700F000EE /* tests.cpp in Sources */,
			);
			runOnlyForDeploymentPostprocessing = 0;
		};
/* End PBXSourcesBuildPhase section */

/* Begin XCBuildConfiguration section */
		2B0840F624A6656B00F000EE /* Debug */ = {
			isa = XCBuildConfiguration;
			buildSettings = {
				ALWAYS_SEARCH_USER_PATHS = NO;
				CLANG_ANALYZER_NONNULL = YES;
				CLANG_ANALYZER_NUMBER_OBJECT_CONVERSION = YES_AGGRESSIVE;
				CLANG_CXX_LANGUAGE_STANDARD = "gnu++14";
				CLANG_CXX_LIBRARY = "libc++";
				CLANG_ENABLE_MODULES = YES;
				CLANG_ENABLE_OBJC_ARC = YES;
				CLANG_ENABLE_OBJC_WEAK = YES;
				CLANG_WARN_BLOCK_CAPTURE_AUTORELEASING = YES;
				CLANG_WARN_BOOL_CONVERSION = YES;
				CLANG_WARN_COMMA = YES;
				CLANG_WARN_CONSTANT_CONVERSION = YES;
				CLANG_WARN_DEPRECATED_OBJC_IMPLEMENTATIONS = YES;
				CLANG_WARN_DIRECT_OBJC_ISA_USAGE = YES_ERROR;
				CLANG_WARN_DOCUMENTATION_COMMENTS = YES;
				CLANG_WARN_EMPTY_BODY = YES;
				CLANG_WARN_ENUM_CONVERSION = YES;
				CLANG_WARN_INFINITE_RECURSION = YES;
				CLANG_WARN_INT_CONVERSION = YES;
				CLANG_WARN_NON_LITERAL_NULL_CONVERSION = YES;
				CLANG_WARN_OBJC_IMPLICIT_RETAIN_SELF = YES;
				CLANG_WARN_OBJC_LITERAL_CONVERSION = YES;
				CLANG_WARN_OBJC_ROOT_CLASS = YES_ERROR;
				CLANG_WARN_RANGE_LOOP_ANALYSIS = YES;
				CLANG_WARN_STRICT_PROTOTYPES = YES;
				CLANG_WARN_SUSPICIOUS_MOVE = YES;
				CLANG_WARN_UNGUARDED_AVAILABILITY = YES_AGGRESSIVE;
				CLANG_WARN_UNREACHABLE_CODE = YES;
				CLANG_WARN__DUPLICATE_METHOD_MATCH = YES;
				COPY_PHASE_STRIP = NO;
				DEBUG_INFORMATION_FORMAT = dwarf;
				ENABLE_STRICT_OBJC_MSGSEND = YES;
				ENABLE_TESTABILITY = YES;
				GCC_C_LANGUAGE_STANDARD = gnu11;
				GCC_DYNAMIC_NO_PIC = NO;
				GCC_NO_COMMON_BLOCKS = YES;
				GCC_OPTIMIZATION_LEVEL = 0;
				GCC_PREPROCESSOR_DEFINITIONS = (
					"DEBUG=1",
					"$(inherited)",
				);
				GCC_WARN_64_TO_32_BIT_CONVERSION = YES;
				GCC_WARN_ABOUT_RETURN_TYPE = YES_ERROR;
				GCC_WARN_UNDECLARED_SELECTOR = YES;
				GCC_WARN_UNINITIALIZED_AUTOS = YES_AGGRESSIVE;
				GCC_WARN_UNUSED_FUNCTION = YES;
				GCC_WARN_UNUSED_VARIABLE = YES;
				MACOSX_DEPLOYMENT_TARGET = 10.13;
				MTL_ENABLE_DEBUG_INFO = INCLUDE_SOURCE;
				MTL_FAST_MATH = YES;
				ONLY_ACTIVE_ARCH = YES;
				SDKROOT = macosx;
			};
			name = Debug;
		};
		2B0840F724A6656B00F000EE /* Release */ = {
			isa = XCBuildConfiguration;
			buildSettings = {
				ALWAYS_SEARCH_USER_PATHS = NO;
				CLANG_ANALYZER_NONNULL = YES;
				CLANG_ANALYZER_NUMBER_OBJECT_CONVERSION = YES_AGGRESSIVE;
				CLANG_CXX_LANGUAGE_STANDARD = "gnu++14";
				CLANG_CXX_LIBRARY = "libc++";
				CLANG_ENABLE_MODULES = YES;
				CLANG_ENABLE_OBJC_ARC = YES;
				CLANG_ENABLE_OBJC_WEAK = YES;
				CLANG_WARN_BLOCK_CAPTURE_AUTORELEASING = YES;
				CLANG_WARN_BOOL_CONVERSION = YES;
				CLANG_WARN_COMMA = YES;
				CLANG_WARN_CONSTANT_CONVERSION = YES;
				CLANG_WARN_DEPRECATED_OBJC_IMPLEMENTATIONS = YES;
				CLANG_WARN_DIRECT_OBJC_ISA_USAGE = YES_ERROR;
				CLANG_WARN_DOCUMENTATION_COMMENTS = YES;
				CLANG_WARN_EMPTY_BODY = YES;
				CLANG_WARN_ENUM_CONVERSION = YES;
				CLANG_WARN_INFINITE_RECURSION = YES;
				CLANG_WARN_INT_CONVERSION = YES;
				CLANG_WARN_NON_LITERAL_NULL_CONVERSION = YES;
				CLANG_WARN_OBJC_IMPLICIT_RETAIN_SELF = YES;
				CLANG_WARN_OBJC_LITERAL_CONVERSION = YES;
				CLANG_WARN_OBJC_ROOT_CLASS = YES_ERROR;
				CLANG_WARN_RANGE_LOOP_ANALYSIS = YES;
				CLANG_WARN_STRICT_PROTOTYPES = YES;
				CLANG_WARN_SUSPICIOUS_MOVE = YES;
				CLANG_WARN_UNGUARDED_AVAILABILITY = YES_AGGRESSIVE;
				CLANG_WARN_UNREACHABLE_CODE = YES;
				CLANG_WARN__DUPLICATE_METHOD_MATCH = YES;
				COPY_PHASE_STRIP = NO;
				DEBUG_INFORMATION_FORMAT = "dwarf-with-dsym";
				ENABLE_NS_ASSERTIONS = NO;
				ENABLE_STRICT_OBJC_MSGSEND = YES;
				GCC_C_LANGUAGE_STANDARD = gnu11;
				GCC_NO_COMMON_BLOCKS = YES;
				GCC_WARN_64_TO_32_BIT_CONVERSION = YES;
				GCC_WARN_ABOUT_RETURN_TYPE = YES_ERROR;
				GCC_WARN_UNDECLARED_SELECTOR = YES;
				GCC_WARN_UNINITIALIZED_AUTOS = YES_AGGRESSIVE;
				GCC_WARN_UNUSED_FUNCTION = YES;
				GCC_WARN_UNUSED_VARIABLE = YES;
				MACOSX_DEPLOYMENT_TARGET = 10.13;
				MTL_ENABLE_DEBUG_INFO = NO;
				MTL_FAST_MATH = YES;
				SDKROOT = macosx;
			};
			name = Release;
		};
		2B0840F924A6656B00F000EE /* Debug */ = {
			isa = XCBuildConfiguration;
			buildSettings = {
				CODE_SIGN_STYLE = Automatic;
				PRODUCT_NAME = "$(TARGET_NAME)";
			};
			name = Debug;
		};
		2B0840FA24A6656B00F000EE /* Release */ = {
			isa = XCBuildConfiguration;
			buildSettings = {
				CODE_SIGN_STYLE = Automatic;
				PRODUCT_NAME = "$(TARGET_NAME)";
			};
			name = Release;
		};
/* End XCBuildConfiguration section */

/* Begin XCConfigurationList section */
		2B0840EC24A6656B00F000EE /* Build configuration list for PBXProject "smolcompute" */ = {
			isa = XCConfigurationList;
			buildConfigurations = (
				2B0840F624A6656B00F000EE /* Debug */,
				2B0840F724A6656B00F000EE /* Release */,
			);
			defaultConfigurationIsVisible = 0;
			defaultConfigurationName = Release;
		};
		2B0840F824A6656B00F000EE /* Build configuration list for PBXNativeTarget "smolcompute" */ = {
			isa = XCConfigurationList;
			buildConfigurations = (
				2B0840F924A6656B00F000EE /* Debug */,
				2B0840FA24A6656B00F000EE /* Release */,
			);
			defaultConfigurationIsVisible = 0;
			defaultConfigurationName = Release;
		};
/* End XCConfigurationList section */
	};
	rootObject = 2B0840E924A6656B00F000EE /* Project object */;
}
